
Microsoft Visual Studio Solution File, Format Version 12.00
# Visual Studio Version 17
VisualStudioVersion = 17.2.32526.322
MinimumVisualStudioVersion = 10.0.40219.1
Project("{2150E333-8FDC-42A3-9474-1A3956D46DE8}") = "BehavioralPatterns", "BehavioralPatterns", "{E3AFA03E-AC1D-411F-A7EE-0C870462FE05}"
EndProject
Project("{2150E333-8FDC-42A3-9474-1A3956D46DE8}") = "StructuralPatterns", "StructuralPatterns", "{05D9F1A5-F821-4753-B7C4-B5A2D99F56E1}"
EndProject
Project("{9A19103F-16F7-4668-BE54-9A1E7A4F7556}") = "Strategy", "BehavioralPatterns\Strategy\Strategy.csproj", "{8A2F1F27-682B-4990-A8AF-BB1106D23B46}"
EndProject
Project("{9A19103F-16F7-4668-BE54-9A1E7A4F7556}") = "Observer", "BehavioralPatterns\Observer\Observer.csproj", "{AC25093E-287D-4A97-8CC9-9D7AB8C206B7}"
EndProject
Project("{9A19103F-16F7-4668-BE54-9A1E7A4F7556}") = "Decorator", "StructuralPatterns\Decorator\Decorator.csproj", "{D87FACAA-AE20-4352-B4B8-47DAE34A698D}"
EndProject
Project("{2150E333-8FDC-42A3-9474-1A3956D46DE8}") = "CreationalPatterns", "CreationalPatterns", "{D5B5AE33-58C7-4A29-BB93-8FCED5A8A18C}"
EndProject
Project("{9A19103F-16F7-4668-BE54-9A1E7A4F7556}") = "FactoryMethod", "CreationalPatterns\FactoryMethod\FactoryMethod.csproj", "{6969A5C9-8B7D-4066-A66E-DA66188C0E62}"
EndProject
Project("{9A19103F-16F7-4668-BE54-9A1E7A4F7556}") = "AbstractFactory", "CreationalPatterns\AbstractFactory\AbstractFactory.csproj", "{4F1EFA4E-7C29-48A7-B01D-9B99B2C3401F}"
EndProject
Project("{9A19103F-16F7-4668-BE54-9A1E7A4F7556}") = "Singleton", "CreationalPatterns\Singleton\Singleton.csproj", "{8A85BAB2-810F-4AA7-A920-2BD2467E6CAD}"
EndProject
Project("{9A19103F-16F7-4668-BE54-9A1E7A4F7556}") = "Command", "BehavioralPatterns\Command\Command.csproj", "{02FF9B84-14C2-4803-8D6F-5298107C75EC}"
EndProject
Project("{9A19103F-16F7-4668-BE54-9A1E7A4F7556}") = "Adapter", "StructuralPatterns\Adapter\Adapter.csproj", "{5DD1BC0D-C9E5-4942-92E3-C56D1AA15D7D}"
EndProject
Project("{9A19103F-16F7-4668-BE54-9A1E7A4F7556}") = "Facade", "StructuralPatterns\Facade\Facade.csproj", "{1E3F1733-81A8-4BFC-8D4B-A21911C8E47E}"
EndProject
Project("{9A19103F-16F7-4668-BE54-9A1E7A4F7556}") = "TemplateMethod", "BehavioralPatterns\TemplateMethod\TemplateMethod.csproj", "{ABECD3DC-82FE-4B41-8E5F-39E1C9EE7EC1}"
EndProject
Project("{9A19103F-16F7-4668-BE54-9A1E7A4F7556}") = "Iterator", "BehavioralPatterns\Iterator\Iterator.csproj", "{09797DAD-380B-4E7E-8670-57FDFA6D9C96}"
EndProject
Project("{9A19103F-16F7-4668-BE54-9A1E7A4F7556}") = "Composite", "StructuralPatterns\Composite\Composite.csproj", "{81C63B87-9FDC-421B-A928-1957B252FA8F}"
EndProject
Project("{9A19103F-16F7-4668-BE54-9A1E7A4F7556}") = "State", "BehavioralPatterns\State\State.csproj", "{5B5502BD-66C7-4184-BC24-5AFCCFF3A05E}"
EndProject
Project("{9A19103F-16F7-4668-BE54-9A1E7A4F7556}") = "Proxy", "StructuralPatterns\Proxy\Proxy.csproj", "{B7F7F68D-8815-49F1-AC84-653A4FA9F8F3}"
EndProject
Project("{9A19103F-16F7-4668-BE54-9A1E7A4F7556}") = "Builder", "CreationalPatterns\Builder\Builder.csproj", "{7C995179-08E4-41D5-95E7-EAC9E43E82AE}"
EndProject
Project("{9A19103F-16F7-4668-BE54-9A1E7A4F7556}") = "Prototype", "CreationalPatterns\Prototype\Prototype.csproj", "{7F259F72-3368-48E7-A2DC-748DB58AC468}"
EndProject
Project("{9A19103F-16F7-4668-BE54-9A1E7A4F7556}") = "Bridge", "StructuralPatterns\Bridge\Bridge.csproj", "{856E51DF-4205-4862-92AA-97F8207B2A24}"
EndProject
Project("{9A19103F-16F7-4668-BE54-9A1E7A4F7556}") = "Flyweight", "StructuralPatterns\Flyweight\Flyweight.csproj", "{9D8CD78E-22D6-4166-82B3-531EFBA6DE8A}"
EndProject
Project("{9A19103F-16F7-4668-BE54-9A1E7A4F7556}") = "Visitor", "BehavioralPatterns\Visitor\Visitor.csproj", "{F046B073-D8EC-40F9-867E-07B28A0D51A7}"
EndProject
Project("{9A19103F-16F7-4668-BE54-9A1E7A4F7556}") = "ChainOfResponsibility", "BehavioralPatterns\ChainOfResponsibility\ChainOfResponsibility.csproj", "{EE55C962-E10D-47FC-B584-57E0AB5EF22D}"
EndProject
Project("{9A19103F-16F7-4668-BE54-9A1E7A4F7556}") = "Memento", "BehavioralPatterns\Memento\Memento.csproj", "{AF3640CE-190E-40E6-BAA2-2E92AE1EDF53}"
EndProject
Project("{FAE04EC0-301F-11D3-BF4B-00C04F79EFBC}") = "Mediator", "BehavioralPatterns\Mediator\Mediator.csproj", "{D45DE344-C3B0-4388-A2DE-2B01C9FF3B76}"
EndProject
Global
	GlobalSection(SolutionConfigurationPlatforms) = preSolution
		Debug|Any CPU = Debug|Any CPU
		Release|Any CPU = Release|Any CPU
	EndGlobalSection
	GlobalSection(ProjectConfigurationPlatforms) = postSolution
		{8A2F1F27-682B-4990-A8AF-BB1106D23B46}.Debug|Any CPU.ActiveCfg = Debug|Any CPU
		{8A2F1F27-682B-4990-A8AF-BB1106D23B46}.Debug|Any CPU.Build.0 = Debug|Any CPU
		{8A2F1F27-682B-4990-A8AF-BB1106D23B46}.Release|Any CPU.ActiveCfg = Release|Any CPU
		{8A2F1F27-682B-4990-A8AF-BB1106D23B46}.Release|Any CPU.Build.0 = Release|Any CPU
		{AC25093E-287D-4A97-8CC9-9D7AB8C206B7}.Debug|Any CPU.ActiveCfg = Debug|Any CPU
		{AC25093E-287D-4A97-8CC9-9D7AB8C206B7}.Debug|Any CPU.Build.0 = Debug|Any CPU
		{AC25093E-287D-4A97-8CC9-9D7AB8C206B7}.Release|Any CPU.ActiveCfg = Release|Any CPU
		{AC25093E-287D-4A97-8CC9-9D7AB8C206B7}.Release|Any CPU.Build.0 = Release|Any CPU
		{D87FACAA-AE20-4352-B4B8-47DAE34A698D}.Debug|Any CPU.ActiveCfg = Debug|Any CPU
		{D87FACAA-AE20-4352-B4B8-47DAE34A698D}.Debug|Any CPU.Build.0 = Debug|Any CPU
		{D87FACAA-AE20-4352-B4B8-47DAE34A698D}.Release|Any CPU.ActiveCfg = Release|Any CPU
		{D87FACAA-AE20-4352-B4B8-47DAE34A698D}.Release|Any CPU.Build.0 = Release|Any CPU
		{6969A5C9-8B7D-4066-A66E-DA66188C0E62}.Debug|Any CPU.ActiveCfg = Debug|Any CPU
		{6969A5C9-8B7D-4066-A66E-DA66188C0E62}.Debug|Any CPU.Build.0 = Debug|Any CPU
		{6969A5C9-8B7D-4066-A66E-DA66188C0E62}.Release|Any CPU.ActiveCfg = Release|Any CPU
		{6969A5C9-8B7D-4066-A66E-DA66188C0E62}.Release|Any CPU.Build.0 = Release|Any CPU
		{4F1EFA4E-7C29-48A7-B01D-9B99B2C3401F}.Debug|Any CPU.ActiveCfg = Debug|Any CPU
		{4F1EFA4E-7C29-48A7-B01D-9B99B2C3401F}.Debug|Any CPU.Build.0 = Debug|Any CPU
		{4F1EFA4E-7C29-48A7-B01D-9B99B2C3401F}.Release|Any CPU.ActiveCfg = Release|Any CPU
		{4F1EFA4E-7C29-48A7-B01D-9B99B2C3401F}.Release|Any CPU.Build.0 = Release|Any CPU
		{8A85BAB2-810F-4AA7-A920-2BD2467E6CAD}.Debug|Any CPU.ActiveCfg = Debug|Any CPU
		{8A85BAB2-810F-4AA7-A920-2BD2467E6CAD}.Debug|Any CPU.Build.0 = Debug|Any CPU
		{8A85BAB2-810F-4AA7-A920-2BD2467E6CAD}.Release|Any CPU.ActiveCfg = Release|Any CPU
		{8A85BAB2-810F-4AA7-A920-2BD2467E6CAD}.Release|Any CPU.Build.0 = Release|Any CPU
		{02FF9B84-14C2-4803-8D6F-5298107C75EC}.Debug|Any CPU.ActiveCfg = Debug|Any CPU
		{02FF9B84-14C2-4803-8D6F-5298107C75EC}.Debug|Any CPU.Build.0 = Debug|Any CPU
		{02FF9B84-14C2-4803-8D6F-5298107C75EC}.Release|Any CPU.ActiveCfg = Release|Any CPU
		{02FF9B84-14C2-4803-8D6F-5298107C75EC}.Release|Any CPU.Build.0 = Release|Any CPU
		{5DD1BC0D-C9E5-4942-92E3-C56D1AA15D7D}.Debug|Any CPU.ActiveCfg = Debug|Any CPU
		{5DD1BC0D-C9E5-4942-92E3-C56D1AA15D7D}.Debug|Any CPU.Build.0 = Debug|Any CPU
		{5DD1BC0D-C9E5-4942-92E3-C56D1AA15D7D}.Release|Any CPU.ActiveCfg = Release|Any CPU
		{5DD1BC0D-C9E5-4942-92E3-C56D1AA15D7D}.Release|Any CPU.Build.0 = Release|Any CPU
		{1E3F1733-81A8-4BFC-8D4B-A21911C8E47E}.Debug|Any CPU.ActiveCfg = Debug|Any CPU
		{1E3F1733-81A8-4BFC-8D4B-A21911C8E47E}.Debug|Any CPU.Build.0 = Debug|Any CPU
		{1E3F1733-81A8-4BFC-8D4B-A21911C8E47E}.Release|Any CPU.ActiveCfg = Release|Any CPU
		{1E3F1733-81A8-4BFC-8D4B-A21911C8E47E}.Release|Any CPU.Build.0 = Release|Any CPU
		{ABECD3DC-82FE-4B41-8E5F-39E1C9EE7EC1}.Debug|Any CPU.ActiveCfg = Debug|Any CPU
		{ABECD3DC-82FE-4B41-8E5F-39E1C9EE7EC1}.Debug|Any CPU.Build.0 = Debug|Any CPU
		{ABECD3DC-82FE-4B41-8E5F-39E1C9EE7EC1}.Release|Any CPU.ActiveCfg = Release|Any CPU
		{ABECD3DC-82FE-4B41-8E5F-39E1C9EE7EC1}.Release|Any CPU.Build.0 = Release|Any CPU
		{09797DAD-380B-4E7E-8670-57FDFA6D9C96}.Debug|Any CPU.ActiveCfg = Debug|Any CPU
		{09797DAD-380B-4E7E-8670-57FDFA6D9C96}.Debug|Any CPU.Build.0 = Debug|Any CPU
		{09797DAD-380B-4E7E-8670-57FDFA6D9C96}.Release|Any CPU.ActiveCfg = Release|Any CPU
		{09797DAD-380B-4E7E-8670-57FDFA6D9C96}.Release|Any CPU.Build.0 = Release|Any CPU
		{81C63B87-9FDC-421B-A928-1957B252FA8F}.Debug|Any CPU.ActiveCfg = Debug|Any CPU
		{81C63B87-9FDC-421B-A928-1957B252FA8F}.Debug|Any CPU.Build.0 = Debug|Any CPU
		{81C63B87-9FDC-421B-A928-1957B252FA8F}.Release|Any CPU.ActiveCfg = Release|Any CPU
		{81C63B87-9FDC-421B-A928-1957B252FA8F}.Release|Any CPU.Build.0 = Release|Any CPU
		{5B5502BD-66C7-4184-BC24-5AFCCFF3A05E}.Debug|Any CPU.ActiveCfg = Debug|Any CPU
		{5B5502BD-66C7-4184-BC24-5AFCCFF3A05E}.Debug|Any CPU.Build.0 = Debug|Any CPU
		{5B5502BD-66C7-4184-BC24-5AFCCFF3A05E}.Release|Any CPU.ActiveCfg = Release|Any CPU
		{5B5502BD-66C7-4184-BC24-5AFCCFF3A05E}.Release|Any CPU.Build.0 = Release|Any CPU
		{B7F7F68D-8815-49F1-AC84-653A4FA9F8F3}.Debug|Any CPU.ActiveCfg = Debug|Any CPU
		{B7F7F68D-8815-49F1-AC84-653A4FA9F8F3}.Debug|Any CPU.Build.0 = Debug|Any CPU
		{B7F7F68D-8815-49F1-AC84-653A4FA9F8F3}.Release|Any CPU.ActiveCfg = Release|Any CPU
		{B7F7F68D-8815-49F1-AC84-653A4FA9F8F3}.Release|Any CPU.Build.0 = Release|Any CPU
		{7C995179-08E4-41D5-95E7-EAC9E43E82AE}.Debug|Any CPU.ActiveCfg = Debug|Any CPU
		{7C995179-08E4-41D5-95E7-EAC9E43E82AE}.Debug|Any CPU.Build.0 = Debug|Any CPU
		{7C995179-08E4-41D5-95E7-EAC9E43E82AE}.Release|Any CPU.ActiveCfg = Release|Any CPU
		{7C995179-08E4-41D5-95E7-EAC9E43E82AE}.Release|Any CPU.Build.0 = Release|Any CPU
		{7F259F72-3368-48E7-A2DC-748DB58AC468}.Debug|Any CPU.ActiveCfg = Debug|Any CPU
		{7F259F72-3368-48E7-A2DC-748DB58AC468}.Debug|Any CPU.Build.0 = Debug|Any CPU
		{7F259F72-3368-48E7-A2DC-748DB58AC468}.Release|Any CPU.ActiveCfg = Release|Any CPU
		{7F259F72-3368-48E7-A2DC-748DB58AC468}.Release|Any CPU.Build.0 = Release|Any CPU
		{856E51DF-4205-4862-92AA-97F8207B2A24}.Debug|Any CPU.ActiveCfg = Debug|Any CPU
		{856E51DF-4205-4862-92AA-97F8207B2A24}.Debug|Any CPU.Build.0 = Debug|Any CPU
		{856E51DF-4205-4862-92AA-97F8207B2A24}.Release|Any CPU.ActiveCfg = Release|Any CPU
		{856E51DF-4205-4862-92AA-97F8207B2A24}.Release|Any CPU.Build.0 = Release|Any CPU
		{9D8CD78E-22D6-4166-82B3-531EFBA6DE8A}.Debug|Any CPU.ActiveCfg = Debug|Any CPU
		{9D8CD78E-22D6-4166-82B3-531EFBA6DE8A}.Debug|Any CPU.Build.0 = Debug|Any CPU
		{9D8CD78E-22D6-4166-82B3-531EFBA6DE8A}.Release|Any CPU.ActiveCfg = Release|Any CPU
		{9D8CD78E-22D6-4166-82B3-531EFBA6DE8A}.Release|Any CPU.Build.0 = Release|Any CPU
		{F046B073-D8EC-40F9-867E-07B28A0D51A7}.Debug|Any CPU.ActiveCfg = Debug|Any CPU
		{F046B073-D8EC-40F9-867E-07B28A0D51A7}.Debug|Any CPU.Build.0 = Debug|Any CPU
		{F046B073-D8EC-40F9-867E-07B28A0D51A7}.Release|Any CPU.ActiveCfg = Release|Any CPU
		{F046B073-D8EC-40F9-867E-07B28A0D51A7}.Release|Any CPU.Build.0 = Release|Any CPU
		{EE55C962-E10D-47FC-B584-57E0AB5EF22D}.Debug|Any CPU.ActiveCfg = Debug|Any CPU
		{EE55C962-E10D-47FC-B584-57E0AB5EF22D}.Debug|Any CPU.Build.0 = Debug|Any CPU
		{EE55C962-E10D-47FC-B584-57E0AB5EF22D}.Release|Any CPU.ActiveCfg = Release|Any CPU
		{EE55C962-E10D-47FC-B584-57E0AB5EF22D}.Release|Any CPU.Build.0 = Release|Any CPU
		{AF3640CE-190E-40E6-BAA2-2E92AE1EDF53}.Debug|Any CPU.ActiveCfg = Debug|Any CPU
		{AF3640CE-190E-40E6-BAA2-2E92AE1EDF53}.Debug|Any CPU.Build.0 = Debug|Any CPU
		{AF3640CE-190E-40E6-BAA2-2E92AE1EDF53}.Release|Any CPU.ActiveCfg = Release|Any CPU
		{AF3640CE-190E-40E6-BAA2-2E92AE1EDF53}.Release|Any CPU.Build.0 = Release|Any CPU
		{D45DE344-C3B0-4388-A2DE-2B01C9FF3B76}.Debug|Any CPU.ActiveCfg = Debug|Any CPU
		{D45DE344-C3B0-4388-A2DE-2B01C9FF3B76}.Debug|Any CPU.Build.0 = Debug|Any CPU
		{D45DE344-C3B0-4388-A2DE-2B01C9FF3B76}.Release|Any CPU.ActiveCfg = Release|Any CPU
		{D45DE344-C3B0-4388-A2DE-2B01C9FF3B76}.Release|Any CPU.Build.0 = Release|Any CPU
	EndGlobalSection
	GlobalSection(SolutionProperties) = preSolution
		HideSolutionNode = FALSE
	EndGlobalSection
	GlobalSection(NestedProjects) = preSolution
		{8A2F1F27-682B-4990-A8AF-BB1106D23B46} = {E3AFA03E-AC1D-411F-A7EE-0C870462FE05}
		{AC25093E-287D-4A97-8CC9-9D7AB8C206B7} = {E3AFA03E-AC1D-411F-A7EE-0C870462FE05}
		{D87FACAA-AE20-4352-B4B8-47DAE34A698D} = {05D9F1A5-F821-4753-B7C4-B5A2D99F56E1}
		{6969A5C9-8B7D-4066-A66E-DA66188C0E62} = {D5B5AE33-58C7-4A29-BB93-8FCED5A8A18C}
		{4F1EFA4E-7C29-48A7-B01D-9B99B2C3401F} = {D5B5AE33-58C7-4A29-BB93-8FCED5A8A18C}
		{8A85BAB2-810F-4AA7-A920-2BD2467E6CAD} = {D5B5AE33-58C7-4A29-BB93-8FCED5A8A18C}
		{02FF9B84-14C2-4803-8D6F-5298107C75EC} = {E3AFA03E-AC1D-411F-A7EE-0C870462FE05}
		{5DD1BC0D-C9E5-4942-92E3-C56D1AA15D7D} = {05D9F1A5-F821-4753-B7C4-B5A2D99F56E1}
		{1E3F1733-81A8-4BFC-8D4B-A21911C8E47E} = {05D9F1A5-F821-4753-B7C4-B5A2D99F56E1}
		{ABECD3DC-82FE-4B41-8E5F-39E1C9EE7EC1} = {E3AFA03E-AC1D-411F-A7EE-0C870462FE05}
		{09797DAD-380B-4E7E-8670-57FDFA6D9C96} = {E3AFA03E-AC1D-411F-A7EE-0C870462FE05}
		{81C63B87-9FDC-421B-A928-1957B252FA8F} = {05D9F1A5-F821-4753-B7C4-B5A2D99F56E1}
		{5B5502BD-66C7-4184-BC24-5AFCCFF3A05E} = {E3AFA03E-AC1D-411F-A7EE-0C870462FE05}
		{B7F7F68D-8815-49F1-AC84-653A4FA9F8F3} = {05D9F1A5-F821-4753-B7C4-B5A2D99F56E1}
		{7C995179-08E4-41D5-95E7-EAC9E43E82AE} = {D5B5AE33-58C7-4A29-BB93-8FCED5A8A18C}
		{7F259F72-3368-48E7-A2DC-748DB58AC468} = {D5B5AE33-58C7-4A29-BB93-8FCED5A8A18C}
		{856E51DF-4205-4862-92AA-97F8207B2A24} = {05D9F1A5-F821-4753-B7C4-B5A2D99F56E1}
		{9D8CD78E-22D6-4166-82B3-531EFBA6DE8A} = {05D9F1A5-F821-4753-B7C4-B5A2D99F56E1}
		{F046B073-D8EC-40F9-867E-07B28A0D51A7} = {E3AFA03E-AC1D-411F-A7EE-0C870462FE05}
		{EE55C962-E10D-47FC-B584-57E0AB5EF22D} = {E3AFA03E-AC1D-411F-A7EE-0C870462FE05}
		{AF3640CE-190E-40E6-BAA2-2E92AE1EDF53} = {E3AFA03E-AC1D-411F-A7EE-0C870462FE05}
		{D45DE344-C3B0-4388-A2DE-2B01C9FF3B76} = {E3AFA03E-AC1D-411F-A7EE-0C870462FE05}
	EndGlobalSection
	GlobalSection(ExtensibilityGlobals) = postSolution
		SolutionGuid = {67F9A2B3-8AE1-4A26-B17C-829BC805DB8C}
	EndGlobalSection
EndGlobal
